// !$*UTF8*$!
{
	archiveVersion = 1;
	classes = {
	};
	objectVersion = 77;
	objects = {

/* Begin PBXContainerItemProxy section */
		6D4624A32D1709B30072D37E /* PBXContainerItemProxy */ = {
			isa = PBXContainerItemProxy;
			containerPortal = 6D4624892D1709B20072D37E /* Project object */;
			proxyType = 1;
			remoteGlobalIDString = 6D4624902D1709B20072D37E;
			remoteInfo = MouseControlApp;
		};
		6D4624AD2D1709B30072D37E /* PBXContainerItemProxy */ = {
			isa = PBXContainerItemProxy;
			containerPortal = 6D4624892D1709B20072D37E /* Project object */;
			proxyType = 1;
			remoteGlobalIDString = 6D4624902D1709B20072D37E;
			remoteInfo = MouseControlApp;
		};
/* End PBXContainerItemProxy section */

/* Begin PBXFileReference section */
		6D4624912D1709B20072D37E /* MouseControlApp.app */ = {isa = PBXFileReference; explicitFileType = wrapper.application; includeInIndex = 0; path = MouseControlApp.app; sourceTree = BUILT_PRODUCTS_DIR; };
		6D4624A22D1709B30072D37E /* MouseControlAppTests.xctest */ = {isa = PBXFileReference; explicitFileType = wrapper.cfbundle; includeInIndex = 0; path = MouseControlAppTests.xctest; sourceTree = BUILT_PRODUCTS_DIR; };
		6D4624AC2D1709B30072D37E /* MouseControlAppUITests.xctest */ = {isa = PBXFileReference; explicitFileType = wrapper.cfbundle; includeInIndex = 0; path = MouseControlAppUITests.xctest; sourceTree = BUILT_PRODUCTS_DIR; };
/* End PBXFileReference section */

/* Begin PBXFileSystemSynchronizedRootGroup section */
		6D4624932D1709B20072D37E /* MouseControlApp */ = {
			isa = PBXFileSystemSynchronizedRootGroup;
			path = MouseControlApp;
			sourceTree = "<group>";
		};
		6D4624A52D1709B30072D37E /* MouseControlAppTests */ = {
			isa = PBXFileSystemSynchronizedRootGroup;
			path = MouseControlAppTests;
			sourceTree = "<group>";
		};
		6D4624AF2D1709B30072D37E /* MouseControlAppUITests */ = {
			isa = PBXFileSystemSynchronizedRootGroup;
			path = MouseControlAppUITests;
			sourceTree = "<group>";
		};
/* End PBXFileSystemSynchronizedRootGroup section */

/* Begin PBXFrameworksBuildPhase section */
		6D46248E2D1709B20072D37E /* Frameworks */ = {
			isa = PBXFrameworksBuildPhase;
			buildActionMask = 2147483647;
			files = (
			);
			runOnlyForDeploymentPostprocessing = 0;
		};
		6D46249F2D1709B30072D37E /* Frameworks */ = {
			isa = PBXFrameworksBuildPhase;
			buildActionMask = 2147483647;
			files = (
			);
			runOnlyForDeploymentPostprocessing = 0;
		};
		6D4624A92D1709B30072D37E /* Frameworks */ = {
			isa = PBXFrameworksBuildPhase;
			buildActionMask = 2147483647;
			files = (
			);
			runOnlyForDeploymentPostprocessing = 0;
		};
/* End PBXFrameworksBuildPhase section */

/* Begin PBXGroup section */
		6D4624882D1709B20072D37E = {
			isa = PBXGroup;
			children = (
				6D4624932D1709B20072D37E /* MouseControlApp */,
				6D4624A52D1709B30072D37E /* MouseControlAppTests */,
				6D4624AF2D1709B30072D37E /* MouseControlAppUITests */,
				6D4624922D1709B20072D37E /* Products */,
			);
			sourceTree = "<group>";
		};
		6D4624922D1709B20072D37E /* Products */ = {
			isa = PBXGroup;
			children = (
				6D4624912D1709B20072D37E /* MouseControlApp.app */,
				6D4624A22D1709B30072D37E /* MouseControlAppTests.xctest */,
				6D4624AC2D1709B30072D37E /* MouseControlAppUITests.xctest */,
			);
			name = Products;
			sourceTree = "<group>";
		};
/* End PBXGroup section */

/* Begin PBXNativeTarget section */
		6D4624902D1709B20072D37E /* MouseControlApp */ = {
			isa = PBXNativeTarget;
			buildConfigurationList = 6D4624B62D1709B30072D37E /* Build configuration list for PBXNativeTarget "MouseControlApp" */;
			buildPhases = (
				6D46248D2D1709B20072D37E /* Sources */,
				6D46248E2D1709B20072D37E /* Frameworks */,
				6D46248F2D1709B20072D37E /* Resources */,
			);
			buildRules = (
			);
			dependencies = (
			);
			fileSystemSynchronizedGroups = (
				6D4624932D1709B20072D37E /* MouseControlApp */,
			);
			name = MouseControlApp;
			packageProductDependencies = (
			);
			productName = MouseControlApp;
			productReference = 6D4624912D1709B20072D37E /* MouseControlApp.app */;
			productType = "com.apple.product-type.application";
		};
		6D4624A12D1709B30072D37E /* MouseControlAppTests */ = {
			isa = PBXNativeTarget;
			buildConfigurationList = 6D4624B92D1709B30072D37E /* Build configuration list for PBXNativeTarget "MouseControlAppTests" */;
			buildPhases = (
				6D46249E2D1709B30072D37E /* Sources */,
				6D46249F2D1709B30072D37E /* Frameworks */,
				6D4624A02D1709B30072D37E /* Resources */,
			);
			buildRules = (
			);
			dependencies = (
				6D4624A42D1709B30072D37E /* PBXTargetDependency */,
			);
			fileSystemSynchronizedGroups = (
				6D4624A52D1709B30072D37E /* MouseControlAppTests */,
			);
			name = MouseControlAppTests;
			packageProductDependencies = (
			);
			productName = MouseControlAppTests;
			productReference = 6D4624A22D1709B30072D37E /* MouseControlAppTests.xctest */;
			productType = "com.apple.product-type.bundle.unit-test";
		};
		6D4624AB2D1709B30072D37E /* MouseControlAppUITests */ = {
			isa = PBXNativeTarget;
			buildConfigurationList = 6D4624BC2D1709B30072D37E /* Build configuration list for PBXNativeTarget "MouseControlAppUITests" */;
			buildPhases = (
				6D4624A82D1709B30072D37E /* Sources */,
				6D4624A92D1709B30072D37E /* Frameworks */,
				6D4624AA2D1709B30072D37E /* Resources */,
			);
			buildRules = (
			);
			dependencies = (
				6D4624AE2D1709B30072D37E /* PBXTargetDependency */,
			);
			fileSystemSynchronizedGroups = (
				6D4624AF2D1709B30072D37E /* MouseControlAppUITests */,
			);
			name = MouseControlAppUITests;
			packageProductDependencies = (
			);
			productName = MouseControlAppUITests;
			productReference = 6D4624AC2D1709B30072D37E /* MouseControlAppUITests.xctest */;
			productType = "com.apple.product-type.bundle.ui-testing";
		};
/* End PBXNativeTarget section */

/* Begin PBXProject section */
		6D4624892D1709B20072D37E /* Project object */ = {
			isa = PBXProject;
			attributes = {
				BuildIndependentTargetsInParallel = 1;
				LastSwiftUpdateCheck = 1620;
				LastUpgradeCheck = 1620;
				TargetAttributes = {
					6D4624902D1709B20072D37E = {
						CreatedOnToolsVersion = 16.2;
					};
					6D4624A12D1709B30072D37E = {
						CreatedOnToolsVersion = 16.2;
						TestTargetID = 6D4624902D1709B20072D37E;
					};
					6D4624AB2D1709B30072D37E = {
						CreatedOnToolsVersion = 16.2;
						TestTargetID = 6D4624902D1709B20072D37E;
					};
				};
			};
			buildConfigurationList = 6D46248C2D1709B20072D37E /* Build configuration list for PBXProject "MouseControlApp" */;
			developmentRegion = en;
			hasScannedForEncodings = 0;
			knownRegions = (
				en,
				Base,
			);
			mainGroup = 6D4624882D1709B20072D37E;
			minimizedProjectReferenceProxies = 1;
			preferredProjectObjectVersion = 77;
			productRefGroup = 6D4624922D1709B20072D37E /* Products */;
			projectDirPath = "";
			projectRoot = "";
			targets = (
				6D4624902D1709B20072D37E /* MouseControlApp */,
				6D4624A12D1709B30072D37E /* MouseControlAppTests */,
				6D4624AB2D1709B30072D37E /* MouseControlAppUITests */,
			);
		};
/* End PBXProject section */

/* Begin PBXResourcesBuildPhase section */
		6D46248F2D1709B20072D37E /* Resources */ = {
			isa = PBXResourcesBuildPhase;
			buildActionMask = 2147483647;
			files = (
			);
			runOnlyForDeploymentPostprocessing = 0;
		};
		6D4624A02D1709B30072D37E /* Resources */ = {
			isa = PBXResourcesBuildPhase;
			buildActionMask = 2147483647;
			files = (
			);
			runOnlyForDeploymentPostprocessing = 0;
		};
		6D4624AA2D1709B30072D37E /* Resources */ = {
			isa = PBXResourcesBuildPhase;
			buildActionMask = 2147483647;
			files = (
			);
			runOnlyForDeploymentPostprocessing = 0;
		};
/* End PBXResourcesBuildPhase section */

/* Begin PBXSourcesBuildPhase section */
		6D46248D2D1709B20072D37E /* Sources */ = {
			isa = PBXSourcesBuildPhase;
			buildActionMask = 2147483647;
			files = (
			);
			runOnlyForDeploymentPostprocessing = 0;
		};
		6D46249E2D1709B30072D37E /* Sources */ = {
			isa = PBXSourcesBuildPhase;
			buildActionMask = 2147483647;
			files = (
			);
			runOnlyForDeploymentPostprocessing = 0;
		};
		6D4624A82D1709B30072D37E /* Sources */ = {
			isa = PBXSourcesBuildPhase;
			buildActionMask = 2147483647;
			files = (
			);
			runOnlyForDeploymentPostprocessing = 0;
		};
/* End PBXSourcesBuildPhase section */

/* Begin PBXTargetDependency section */
		6D4624A42D1709B30072D37E /* PBXTargetDependency */ = {
			isa = PBXTargetDependency;
			target = 6D4624902D1709B20072D37E /* MouseControlApp */;
			targetProxy = 6D4624A32D1709B30072D37E /* PBXContainerItemProxy */;
		};
		6D4624AE2D1709B30072D37E /* PBXTargetDependency */ = {
			isa = PBXTargetDependency;
			target = 6D4624902D1709B20072D37E /* MouseControlApp */;
			targetProxy = 6D4624AD2D1709B30072D37E /* PBXContainerItemProxy */;
		};
/* End PBXTargetDependency section */

/* Begin XCBuildConfiguration section */
		6D4624B42D1709B30072D37E /* Debug */ = {
			isa = XCBuildConfiguration;
			buildSettings = {
				ALWAYS_SEARCH_USER_PATHS = NO;
				ASSETCATALOG_COMPILER_GENERATE_SWIFT_ASSET_SYMBOL_EXTENSIONS = YES;
				CLANG_ANALYZER_NONNULL = YES;
				CLANG_ANALYZER_NUMBER_OBJECT_CONVERSION = YES_AGGRESSIVE;
				CLANG_CXX_LANGUAGE_STANDARD = "gnu++20";
				CLANG_ENABLE_MODULES = YES;
				CLANG_ENABLE_OBJC_ARC = YES;
				CLANG_ENABLE_OBJC_WEAK = YES;
				CLANG_WARN_BLOCK_CAPTURE_AUTORELEASING = YES;
				CLANG_WARN_BOOL_CONVERSION = YES;
				CLANG_WARN_COMMA = YES;
				CLANG_WARN_CONSTANT_CONVERSION = YES;
				CLANG_WARN_DEPRECATED_OBJC_IMPLEMENTATIONS = YES;
				CLANG_WARN_DIRECT_OBJC_ISA_USAGE = YES_ERROR;
				CLANG_WARN_DOCUMENTATION_COMMENTS = YES;
				CLANG_WARN_EMPTY_BODY = YES;
				CLANG_WARN_ENUM_CONVERSION = YES;
				CLANG_WARN_INFINITE_RECURSION = YES;
				CLANG_WARN_INT_CONVERSION = YES;
				CLANG_WARN_NON_LITERAL_NULL_CONVERSION = YES;
				CLANG_WARN_OBJC_IMPLICIT_RETAIN_SELF = YES;
				CLANG_WARN_OBJC_LITERAL_CONVERSION = YES;
				CLANG_WARN_OBJC_ROOT_CLASS = YES_ERROR;
				CLANG_WARN_QUOTED_INCLUDE_IN_FRAMEWORK_HEADER = YES;
				CLANG_WARN_RANGE_LOOP_ANALYSIS = YES;
				CLANG_WARN_STRICT_PROTOTYPES = YES;
				CLANG_WARN_SUSPICIOUS_MOVE = YES;
				CLANG_WARN_UNGUARDED_AVAILABILITY = YES_AGGRESSIVE;
				CLANG_WARN_UNREACHABLE_CODE = YES;
				CLANG_WARN__DUPLICATE_METHOD_MATCH = YES;
				COPY_PHASE_STRIP = NO;
				DEBUG_INFORMATION_FORMAT = dwarf;
				ENABLE_STRICT_OBJC_MSGSEND = YES;
				ENABLE_TESTABILITY = YES;
				ENABLE_USER_SCRIPT_SANDBOXING = YES;
				GCC_C_LANGUAGE_STANDARD = gnu17;
				GCC_DYNAMIC_NO_PIC = NO;
				GCC_NO_COMMON_BLOCKS = YES;
				GCC_OPTIMIZATION_LEVEL = 0;
				GCC_PREPROCESSOR_DEFINITIONS = (
					"DEBUG=1",
					"$(inherited)",
				);
				GCC_WARN_64_TO_32_BIT_CONVERSION = YES;
				GCC_WARN_ABOUT_RETURN_TYPE = YES_ERROR;
				GCC_WARN_UNDECLARED_SELECTOR = YES;
				GCC_WARN_UNINITIALIZED_AUTOS = YES_AGGRESSIVE;
				GCC_WARN_UNUSED_FUNCTION = YES;
				GCC_WARN_UNUSED_VARIABLE = YES;
				LOCALIZATION_PREFERS_STRING_CATALOGS = YES;
				MACOSX_DEPLOYMENT_TARGET = 15.1;
				MTL_ENABLE_DEBUG_INFO = INCLUDE_SOURCE;
				MTL_FAST_MATH = YES;
				ONLY_ACTIVE_ARCH = YES;
				SDKROOT = macosx;
				SWIFT_ACTIVE_COMPILATION_CONDITIONS = "DEBUG $(inherited)";
				SWIFT_OPTIMIZATION_LEVEL = "-Onone";
			};
			name = Debug;
		};
		6D4624B52D1709B30072D37E /* Release */ = {
			isa = XCBuildConfiguration;
			buildSettings = {
				ALWAYS_SEARCH_USER_PATHS = NO;
				ASSETCATALOG_COMPILER_GENERATE_SWIFT_ASSET_SYMBOL_EXTENSIONS = YES;
				CLANG_ANALYZER_NONNULL = YES;
				CLANG_ANALYZER_NUMBER_OBJECT_CONVERSION = YES_AGGRESSIVE;
				CLANG_CXX_LANGUAGE_STANDARD = "gnu++20";
				CLANG_ENABLE_MODULES = YES;
				CLANG_ENABLE_OBJC_ARC = YES;
				CLANG_ENABLE_OBJC_WEAK = YES;
				CLANG_WARN_BLOCK_CAPTURE_AUTORELEASING = YES;
				CLANG_WARN_BOOL_CONVERSION = YES;
				CLANG_WARN_COMMA = YES;
				CLANG_WARN_CONSTANT_CONVERSION = YES;
				CLANG_WARN_DEPRECATED_OBJC_IMPLEMENTATIONS = YES;
				CLANG_WARN_DIRECT_OBJC_ISA_USAGE = YES_ERROR;
				CLANG_WARN_DOCUMENTATION_COMMENTS = YES;
				CLANG_WARN_EMPTY_BODY = YES;
				CLANG_WARN_ENUM_CONVERSION = YES;
				CLANG_WARN_INFINITE_RECURSION = YES;
				CLANG_WARN_INT_CONVERSION = YES;
				CLANG_WARN_NON_LITERAL_NULL_CONVERSION = YES;
				CLANG_WARN_OBJC_IMPLICIT_RETAIN_SELF = YES;
				CLANG_WARN_OBJC_LITERAL_CONVERSION = YES;
				CLANG_WARN_OBJC_ROOT_CLASS = YES_ERROR;
				CLANG_WARN_QUOTED_INCLUDE_IN_FRAMEWORK_HEADER = YES;
				CLANG_WARN_RANGE_LOOP_ANALYSIS = YES;
				CLANG_WARN_STRICT_PROTOTYPES = YES;
				CLANG_WARN_SUSPICIOUS_MOVE = YES;
				CLANG_WARN_UNGUARDED_AVAILABILITY = YES_AGGRESSIVE;
				CLANG_WARN_UNREACHABLE_CODE = YES;
				CLANG_WARN__DUPLICATE_METHOD_MATCH = YES;
				COPY_PHASE_STRIP = NO;
				DEBUG_INFORMATION_FORMAT = "dwarf-with-dsym";
				ENABLE_NS_ASSERTIONS = NO;
				ENABLE_STRICT_OBJC_MSGSEND = YES;
				ENABLE_USER_SCRIPT_SANDBOXING = YES;
				GCC_C_LANGUAGE_STANDARD = gnu17;
				GCC_NO_COMMON_BLOCKS = YES;
				GCC_WARN_64_TO_32_BIT_CONVERSION = YES;
				GCC_WARN_ABOUT_RETURN_TYPE = YES_ERROR;
				GCC_WARN_UNDECLARED_SELECTOR = YES;
				GCC_WARN_UNINITIALIZED_AUTOS = YES_AGGRESSIVE;
				GCC_WARN_UNUSED_FUNCTION = YES;
				GCC_WARN_UNUSED_VARIABLE = YES;
				LOCALIZATION_PREFERS_STRING_CATALOGS = YES;
				MACOSX_DEPLOYMENT_TARGET = 15.1;
				MTL_ENABLE_DEBUG_INFO = NO;
				MTL_FAST_MATH = YES;
				SDKROOT = macosx;
				SWIFT_COMPILATION_MODE = wholemodule;
			};
			name = Release;
		};
		6D4624B72D1709B30072D37E /* Debug */ = {
			isa = XCBuildConfiguration;
			buildSettings = {
				ASSETCATALOG_COMPILER_APPICON_NAME = AppIcon;
				ASSETCATALOG_COMPILER_GLOBAL_ACCENT_COLOR_NAME = AccentColor;
				CODE_SIGN_ENTITLEMENTS = MouseControlApp/MouseControlApp.entitlements;
				CODE_SIGN_STYLE = Automatic;
				COMBINE_HIDPI_IMAGES = YES;
				CURRENT_PROJECT_VERSION = 1;
				DEVELOPMENT_ASSET_PATHS = "\"MouseControlApp/Preview Content\"";
				ENABLE_PREVIEWS = YES;
				GENERATE_INFOPLIST_FILE = YES;
				INFOPLIST_KEY_NSHumanReadableCopyright = "";
				LD_RUNPATH_SEARCH_PATHS = (
					"$(inherited)",
					"@executable_path/../Frameworks",
				);
				MARKETING_VERSION = 1.0;
				PRODUCT_BUNDLE_IDENTIFIER = SA.MouseControlApp;
				PRODUCT_NAME = "$(TARGET_NAME)";
				SWIFT_EMIT_LOC_STRINGS = YES;
				SWIFT_VERSION = 5.0;
			};
			name = Debug;
		};
		6D4624B82D1709B30072D37E /* Release */ = {
			isa = XCBuildConfiguration;
			buildSettings = {
				ASSETCATALOG_COMPILER_APPICON_NAME = AppIcon;
				ASSETCATALOG_COMPILER_GLOBAL_ACCENT_COLOR_NAME = AccentColor;
				CODE_SIGN_ENTITLEMENTS = MouseControlApp/MouseControlApp.entitlements;
				CODE_SIGN_STYLE = Automatic;
				COMBINE_HIDPI_IMAGES = YES;
				CURRENT_PROJECT_VERSION = 1;
				DEVELOPMENT_ASSET_PATHS = "\"MouseControlApp/Preview Content\"";
				ENABLE_PREVIEWS = YES;
				GENERATE_INFOPLIST_FILE = YES;
				INFOPLIST_KEY_NSHumanReadableCopyright = "";
				LD_RUNPATH_SEARCH_PATHS = (
					"$(inherited)",
					"@executable_path/../Frameworks",
				);
				MARKETING_VERSION = 1.0;
				PRODUCT_BUNDLE_IDENTIFIER = SA.MouseControlApp;
				PRODUCT_NAME = "$(TARGET_NAME)";
				SWIFT_EMIT_LOC_STRINGS = YES;
				SWIFT_VERSION = 5.0;
			};
			name = Release;
		};
		6D4624BA2D1709B30072D37E /* Debug */ = {
			isa = XCBuildConfiguration;
			buildSettings = {
				BUNDLE_LOADER = "$(TEST_HOST)";
				CODE_SIGN_STYLE = Automatic;
				CURRENT_PROJECT_VERSION = 1;
				GENERATE_INFOPLIST_FILE = YES;
				MACOSX_DEPLOYMENT_TARGET = 15.1;
				MARKETING_VERSION = 1.0;
				PRODUCT_BUNDLE_IDENTIFIER = SA.MouseControlAppTests;
				PRODUCT_NAME = "$(TARGET_NAME)";
				SWIFT_EMIT_LOC_STRINGS = NO;
				SWIFT_VERSION = 5.0;
				TEST_HOST = "$(BUILT_PRODUCTS_DIR)/MouseControlApp.app/$(BUNDLE_EXECUTABLE_FOLDER_PATH)/MouseControlApp";
			};
			name = Debug;
		};
		6D4624BB2D1709B30072D37E /* Release */ = {
			isa = XCBuildConfiguration;
			buildSettings = {
				BUNDLE_LOADER = "$(TEST_HOST)";
				CODE_SIGN_STYLE = Automatic;
				CURRENT_PROJECT_VERSION = 1;
				GENERATE_INFOPLIST_FILE = YES;
				MACOSX_DEPLOYMENT_TARGET = 15.1;
				MARKETING_VERSION = 1.0;
				PRODUCT_BUNDLE_IDENTIFIER = SA.MouseControlAppTests;
				PRODUCT_NAME = "$(TARGET_NAME)";
				SWIFT_EMIT_LOC_STRINGS = NO;
				SWIFT_VERSION = 5.0;
				TEST_HOST = "$(BUILT_PRODUCTS_DIR)/MouseControlApp.app/$(BUNDLE_EXECUTABLE_FOLDER_PATH)/MouseControlApp";
			};
			name = Release;
		};
		6D4624BD2D1709B30072D37E /* Debug */ = {
			isa = XCBuildConfiguration;
			buildSettings = {
				CODE_SIGN_STYLE = Automatic;
				CURRENT_PROJECT_VERSION = 1;
				GENERATE_INFOPLIST_FILE = YES;
				MARKETING_VERSION = 1.0;
				PRODUCT_BUNDLE_IDENTIFIER = SA.MouseControlAppUITests;
				PRODUCT_NAME = "$(TARGET_NAME)";
				SWIFT_EMIT_LOC_STRINGS = NO;
				SWIFT_VERSION = 5.0;
				TEST_TARGET_NAME = MouseControlApp;
			};
			name = Debug;
		};
		6D4624BE2D1709B30072D37E /* Release */ = {
			isa = XCBuildConfiguration;
			buildSettings = {
				CODE_SIGN_STYLE = Automatic;
				CURRENT_PROJECT_VERSION = 1;
				GENERATE_INFOPLIST_FILE = YES;
				MARKETING_VERSION = 1.0;
				PRODUCT_BUNDLE_IDENTIFIER = SA.MouseControlAppUITests;
				PRODUCT_NAME = "$(TARGET_NAME)";
				SWIFT_EMIT_LOC_STRINGS = NO;
				SWIFT_VERSION = 5.0;
				TEST_TARGET_NAME = MouseControlApp;
			};
			name = Release;
		};
/* End XCBuildConfiguration section */

/* Begin XCConfigurationList section */
		6D46248C2D1709B20072D37E /* Build configuration list for PBXProject "MouseControlApp" */ = {
			isa = XCConfigurationList;
			buildConfigurations = (
				6D4624B42D1709B30072D37E /* Debug */,
				6D4624B52D1709B30072D37E /* Release */,
			);
			defaultConfigurationIsVisible = 0;
			defaultConfigurationName = Release;
		};
		6D4624B62D1709B30072D37E /* Build configuration list for PBXNativeTarget "MouseControlApp" */ = {
			isa = XCConfigurationList;
			buildConfigurations = (
				6D4624B72D1709B30072D37E /* Debug */,
				6D4624B82D1709B30072D37E /* Release */,
			);
			defaultConfigurationIsVisible = 0;
			defaultConfigurationName = Release;
		};
		6D4624B92D1709B30072D37E /* Build configuration list for PBXNativeTarget "MouseControlAppTests" */ = {
			isa = XCConfigurationList;
			buildConfigurations = (
				6D4624BA2D1709B30072D37E /* Debug */,
				6D4624BB2D1709B30072D37E /* Release */,
			);
			defaultConfigurationIsVisible = 0;
			defaultConfigurationName = Release;
		};
		6D4624BC2D1709B30072D37E /* Build configuration list for PBXNativeTarget "MouseControlAppUITests" */ = {
			isa = XCConfigurationList;
			buildConfigurations = (
				6D4624BD2D1709B30072D37E /* Debug */,
				6D4624BE2D1709B30072D37E /* Release */,
			);
			defaultConfigurationIsVisible = 0;
			defaultConfigurationName = Release;
		};
/* End XCConfigurationList section */
	};
	rootObject = 6D4624892D1709B20072D37E /* Project object */;
}
